
Microsoft Visual Studio Solution File, Format Version 12.00
Project("{FAE04EC0-301F-11D3-BF4B-00C04F79EFBC}") = "Cli", "Cli\Cli.csproj", "{0303DF3C-82F3-4DBB-A017-04A9EBE4EDF2}"
EndProject
Project("{2150E333-8FDC-42A3-9474-1A3956D46DE8}") = "src", "src", "{6A27B86D-D7FC-482D-B244-B187CBD4BE1F}"
EndProject
Project("{FAE04EC0-301F-11D3-BF4B-00C04F79EFBC}") = "Domain.Logic", "Domain.Logic\Domain.Logic.csproj", "{426AE4E7-E72B-4D83-B603-D399A9E6D582}"
EndProject
Project("{FAE04EC0-301F-11D3-BF4B-00C04F79EFBC}") = "Domain.Model", "Domain.Model\Domain.Model.csproj", "{010510D3-AE9F-4D13-B68D-36E65F8305EC}"
EndProject
Project("{FAE04EC0-301F-11D3-BF4B-00C04F79EFBC}") = "Gateways.Authentication", "Gateways.Authentication\Gateways.Authentication.csproj", "{A2FC706B-FFEC-4922-9A53-72E7B0C34A31}"
EndProject
Project("{FAE04EC0-301F-11D3-BF4B-00C04F79EFBC}") = "Cli.Command", "Cli.Command\Cli.Command.csproj", "{1660CC6E-D8B9-4EF9-87BC-05DBAF167321}"
EndProject
Global
	GlobalSection(SolutionConfigurationPlatforms) = preSolution
		Debug|Any CPU = Debug|Any CPU
		Release|Any CPU = Release|Any CPU
	EndGlobalSection
	GlobalSection(ProjectConfigurationPlatforms) = postSolution
		{0303DF3C-82F3-4DBB-A017-04A9EBE4EDF2}.Debug|Any CPU.ActiveCfg = Debug|Any CPU
		{0303DF3C-82F3-4DBB-A017-04A9EBE4EDF2}.Debug|Any CPU.Build.0 = Debug|Any CPU
		{0303DF3C-82F3-4DBB-A017-04A9EBE4EDF2}.Release|Any CPU.ActiveCfg = Release|Any CPU
		{0303DF3C-82F3-4DBB-A017-04A9EBE4EDF2}.Release|Any CPU.Build.0 = Release|Any CPU
		{426AE4E7-E72B-4D83-B603-D399A9E6D582}.Debug|Any CPU.ActiveCfg = Debug|Any CPU
		{426AE4E7-E72B-4D83-B603-D399A9E6D582}.Debug|Any CPU.Build.0 = Debug|Any CPU
		{426AE4E7-E72B-4D83-B603-D399A9E6D582}.Release|Any CPU.ActiveCfg = Release|Any CPU
		{426AE4E7-E72B-4D83-B603-D399A9E6D582}.Release|Any CPU.Build.0 = Release|Any CPU
		{010510D3-AE9F-4D13-B68D-36E65F8305EC}.Debug|Any CPU.ActiveCfg = Debug|Any CPU
		{010510D3-AE9F-4D13-B68D-36E65F8305EC}.Debug|Any CPU.Build.0 = Debug|Any CPU
		{010510D3-AE9F-4D13-B68D-36E65F8305EC}.Release|Any CPU.ActiveCfg = Release|Any CPU
		{010510D3-AE9F-4D13-B68D-36E65F8305EC}.Release|Any CPU.Build.0 = Release|Any CPU
		{A2FC706B-FFEC-4922-9A53-72E7B0C34A31}.Debug|Any CPU.ActiveCfg = Debug|Any CPU
		{A2FC706B-FFEC-4922-9A53-72E7B0C34A31}.Debug|Any CPU.Build.0 = Debug|Any CPU
		{A2FC706B-FFEC-4922-9A53-72E7B0C34A31}.Release|Any CPU.ActiveCfg = Release|Any CPU
		{A2FC706B-FFEC-4922-9A53-72E7B0C34A31}.Release|Any CPU.Build.0 = Release|Any CPU
		{1660CC6E-D8B9-4EF9-87BC-05DBAF167321}.Debug|Any CPU.ActiveCfg = Debug|Any CPU
		{1660CC6E-D8B9-4EF9-87BC-05DBAF167321}.Debug|Any CPU.Build.0 = Debug|Any CPU
		{1660CC6E-D8B9-4EF9-87BC-05DBAF167321}.Release|Any CPU.ActiveCfg = Release|Any CPU
		{1660CC6E-D8B9-4EF9-87BC-05DBAF167321}.Release|Any CPU.Build.0 = Release|Any CPU
	EndGlobalSection
	GlobalSection(NestedProjects) = preSolution
		{0303DF3C-82F3-4DBB-A017-04A9EBE4EDF2} = {6A27B86D-D7FC-482D-B244-B187CBD4BE1F}
		{426AE4E7-E72B-4D83-B603-D399A9E6D582} = {6A27B86D-D7FC-482D-B244-B187CBD4BE1F}
		{010510D3-AE9F-4D13-B68D-36E65F8305EC} = {6A27B86D-D7FC-482D-B244-B187CBD4BE1F}
		{A2FC706B-FFEC-4922-9A53-72E7B0C34A31} = {6A27B86D-D7FC-482D-B244-B187CBD4BE1F}
		{1660CC6E-D8B9-4EF9-87BC-05DBAF167321} = {6A27B86D-D7FC-482D-B244-B187CBD4BE1F}
	EndGlobalSection
EndGlobal
